
Microsoft Visual Studio Solution File, Format Version 12.00
# Visual Studio Version 17
VisualStudioVersion = 17.0.32112.339
MinimumVisualStudioVersion = 10.0.40219.1
Project("{FAE04EC0-301F-11D3-BF4B-00C04F79EFBC}") = "Private.logik-aussagen", "Private.logik-aussagen.csproj", "{7FFE7076-ECC9-4198-9D51-5A257A72FA77}"
EndProject
Project("{FAE04EC0-301F-11D3-BF4B-00C04F79EFBC}") = "Private.logik-aussagen3.XunitTesting", "..\Private.logik-aussagen3.XunitTesting\Private.logik-aussagen3.XunitTesting.csproj", "{21C3FD91-B1F4-41C1-99DE-E4DD4898E62A}"
EndProject
Global
	GlobalSection(SolutionConfigurationPlatforms) = preSolution
		Debug|Any CPU = Debug|Any CPU
		Release|Any CPU = Release|Any CPU
	EndGlobalSection
	GlobalSection(ProjectConfigurationPlatforms) = postSolution
		{7FFE7076-ECC9-4198-9D51-5A257A72FA77}.Debug|Any CPU.ActiveCfg = Debug|Any CPU
		{7FFE7076-ECC9-4198-9D51-5A257A72FA77}.Debug|Any CPU.Build.0 = Debug|Any CPU
		{7FFE7076-ECC9-4198-9D51-5A257A72FA77}.Release|Any CPU.ActiveCfg = Release|Any CPU
		{7FFE7076-ECC9-4198-9D51-5A257A72FA77}.Release|Any CPU.Build.0 = Release|Any CPU
		{21C3FD91-B1F4-41C1-99DE-E4DD4898E62A}.Debug|Any CPU.ActiveCfg = Debug|Any CPU
		{21C3FD91-B1F4-41C1-99DE-E4DD4898E62A}.Debug|Any CPU.Build.0 = Debug|Any CPU
		{21C3FD91-B1F4-41C1-99DE-E4DD4898E62A}.Release|Any CPU.ActiveCfg = Release|Any CPU
		{21C3FD91-B1F4-41C1-99DE-E4DD4898E62A}.Release|Any CPU.Build.0 = Release|Any CPU
	EndGlobalSection
	GlobalSection(SolutionProperties) = preSolution
		HideSolutionNode = FALSE
	EndGlobalSection
	GlobalSection(ExtensibilityGlobals) = postSolution
		SolutionGuid = {1E8DDD82-E602-41DB-9D76-EDCC0B82E5BF}
	EndGlobalSection
EndGlobal
